// !$*UTF8*$!
{
	archiveVersion = 1;
	classes = {
	};
	objectVersion = 56;
	objects = {

/* Begin PBXBuildFile section */
		EFD6CCF62C96378600D42F56 /* SwiftulCryptoApp.swift in Sources */ = {isa = PBXBuildFile; fileRef = EFD6CCF52C96378600D42F56 /* SwiftulCryptoApp.swift */; };
		EFD6CCF82C96378600D42F56 /* ContentView.swift in Sources */ = {isa = PBXBuildFile; fileRef = EFD6CCF72C96378600D42F56 /* ContentView.swift */; };
		EFD6CCFA2C96378700D42F56 /* Assets.xcassets in Resources */ = {isa = PBXBuildFile; fileRef = EFD6CCF92C96378700D42F56 /* Assets.xcassets */; };
		EFD6CCFD2C96378700D42F56 /* Preview Assets.xcassets in Resources */ = {isa = PBXBuildFile; fileRef = EFD6CCFC2C96378700D42F56 /* Preview Assets.xcassets */; };
		EFD6CD052C963DFC00D42F56 /* Color.swift in Sources */ = {isa = PBXBuildFile; fileRef = EFD6CD042C963DFC00D42F56 /* Color.swift */; };
		EFD6CD0B2C964B9100D42F56 /* HomeView.swift in Sources */ = {isa = PBXBuildFile; fileRef = EFD6CD0A2C964B9100D42F56 /* HomeView.swift */; };
		EFD6CD0F2C964D4F00D42F56 /* CircleButtonView.swift in Sources */ = {isa = PBXBuildFile; fileRef = EFD6CD0E2C964D4F00D42F56 /* CircleButtonView.swift */; };
		EFD6CD112C9652D100D42F56 /* CircleButtonAnimatedView.swift in Sources */ = {isa = PBXBuildFile; fileRef = EFD6CD102C9652D100D42F56 /* CircleButtonAnimatedView.swift */; };
		EFD6CD142C965AFA00D42F56 /* CoinModel.swift in Sources */ = {isa = PBXBuildFile; fileRef = EFD6CD132C965AFA00D42F56 /* CoinModel.swift */; };
		EFD6CD162C965DA100D42F56 /* api_key.swift in Sources */ = {isa = PBXBuildFile; fileRef = EFD6CD152C965DA100D42F56 /* api_key.swift */; };
/* End PBXBuildFile section */

/* Begin PBXFileReference section */
		EFD6CCF22C96378600D42F56 /* SwiftulCrypto.app */ = {isa = PBXFileReference; explicitFileType = wrapper.application; includeInIndex = 0; path = SwiftulCrypto.app; sourceTree = BUILT_PRODUCTS_DIR; };
		EFD6CCF52C96378600D42F56 /* SwiftulCryptoApp.swift */ = {isa = PBXFileReference; lastKnownFileType = sourcecode.swift; path = SwiftulCryptoApp.swift; sourceTree = "<group>"; };
		EFD6CCF72C96378600D42F56 /* ContentView.swift */ = {isa = PBXFileReference; lastKnownFileType = sourcecode.swift; path = ContentView.swift; sourceTree = "<group>"; };
		EFD6CCF92C96378700D42F56 /* Assets.xcassets */ = {isa = PBXFileReference; lastKnownFileType = folder.assetcatalog; path = Assets.xcassets; sourceTree = "<group>"; };
		EFD6CCFC2C96378700D42F56 /* Preview Assets.xcassets */ = {isa = PBXFileReference; lastKnownFileType = folder.assetcatalog; path = "Preview Assets.xcassets"; sourceTree = "<group>"; };
		EFD6CD042C963DFC00D42F56 /* Color.swift */ = {isa = PBXFileReference; lastKnownFileType = sourcecode.swift; path = Color.swift; sourceTree = "<group>"; };
		EFD6CD0A2C964B9100D42F56 /* HomeView.swift */ = {isa = PBXFileReference; lastKnownFileType = sourcecode.swift; path = HomeView.swift; sourceTree = "<group>"; };
		EFD6CD0E2C964D4F00D42F56 /* CircleButtonView.swift */ = {isa = PBXFileReference; lastKnownFileType = sourcecode.swift; path = CircleButtonView.swift; sourceTree = "<group>"; };
		EFD6CD102C9652D100D42F56 /* CircleButtonAnimatedView.swift */ = {isa = PBXFileReference; lastKnownFileType = sourcecode.swift; path = CircleButtonAnimatedView.swift; sourceTree = "<group>"; };
		EFD6CD132C965AFA00D42F56 /* CoinModel.swift */ = {isa = PBXFileReference; lastKnownFileType = sourcecode.swift; path = CoinModel.swift; sourceTree = "<group>"; };
		EFD6CD152C965DA100D42F56 /* api_key.swift */ = {isa = PBXFileReference; lastKnownFileType = sourcecode.swift; path = api_key.swift; sourceTree = "<group>"; };
/* End PBXFileReference section */

/* Begin PBXFrameworksBuildPhase section */
		EFD6CCEF2C96378600D42F56 /* Frameworks */ = {
			isa = PBXFrameworksBuildPhase;
			buildActionMask = 2147483647;
			files = (
			);
			runOnlyForDeploymentPostprocessing = 0;
		};
/* End PBXFrameworksBuildPhase section */

/* Begin PBXGroup section */
		EFD6CCE92C96378600D42F56 = {
			isa = PBXGroup;
			children = (
				EFD6CCF42C96378600D42F56 /* SwiftulCrypto */,
				EFD6CCF32C96378600D42F56 /* Products */,
			);
			sourceTree = "<group>";
		};
		EFD6CCF32C96378600D42F56 /* Products */ = {
			isa = PBXGroup;
			children = (
				EFD6CCF22C96378600D42F56 /* SwiftulCrypto.app */,
			);
			name = Products;
			sourceTree = "<group>";
		};
		EFD6CCF42C96378600D42F56 /* SwiftulCrypto */ = {
			isa = PBXGroup;
			children = (
				EFD6CD032C963DEB00D42F56 /* Extensions */,
				EFD6CD062C964B5600D42F56 /* Core */,
				EFD6CD122C965AED00D42F56 /* Models */,
				EFD6CCF52C96378600D42F56 /* SwiftulCryptoApp.swift */,
				EFD6CCF72C96378600D42F56 /* ContentView.swift */,
				EFD6CCF92C96378700D42F56 /* Assets.xcassets */,
				EFD6CCFB2C96378700D42F56 /* Preview Content */,
			);
			path = SwiftulCrypto;
			sourceTree = "<group>";
		};
		EFD6CCFB2C96378700D42F56 /* Preview Content */ = {
			isa = PBXGroup;
			children = (
				EFD6CCFC2C96378700D42F56 /* Preview Assets.xcassets */,
			);
			path = "Preview Content";
			sourceTree = "<group>";
		};
		EFD6CD032C963DEB00D42F56 /* Extensions */ = {
			isa = PBXGroup;
			children = (
				EFD6CD042C963DFC00D42F56 /* Color.swift */,
			);
			path = Extensions;
			sourceTree = "<group>";
		};
		EFD6CD062C964B5600D42F56 /* Core */ = {
			isa = PBXGroup;
			children = (
				EFD6CD0C2C964D2B00D42F56 /* Components */,
				EFD6CD072C964B6300D42F56 /* Home */,
			);
			path = Core;
			sourceTree = "<group>";
		};
		EFD6CD072C964B6300D42F56 /* Home */ = {
			isa = PBXGroup;
			children = (
				EFD6CD092C964B7C00D42F56 /* Views */,
				EFD6CD082C964B7500D42F56 /* ViewModels */,
			);
			path = Home;
			sourceTree = "<group>";
		};
		EFD6CD082C964B7500D42F56 /* ViewModels */ = {
			isa = PBXGroup;
			children = (
			);
			path = ViewModels;
			sourceTree = "<group>";
		};
		EFD6CD092C964B7C00D42F56 /* Views */ = {
			isa = PBXGroup;
			children = (
				EFD6CD0A2C964B9100D42F56 /* HomeView.swift */,
			);
			path = Views;
			sourceTree = "<group>";
		};
		EFD6CD0C2C964D2B00D42F56 /* Components */ = {
			isa = PBXGroup;
			children = (
				EFD6CD0D2C964D4400D42F56 /* CircleButton */,
			);
			path = Components;
			sourceTree = "<group>";
		};
		EFD6CD0D2C964D4400D42F56 /* CircleButton */ = {
			isa = PBXGroup;
			children = (
				EFD6CD0E2C964D4F00D42F56 /* CircleButtonView.swift */,
				EFD6CD102C9652D100D42F56 /* CircleButtonAnimatedView.swift */,
			);
			path = CircleButton;
			sourceTree = "<group>";
		};
		EFD6CD122C965AED00D42F56 /* Models */ = {
			isa = PBXGroup;
			children = (
				EFD6CD132C965AFA00D42F56 /* CoinModel.swift */,
				EFD6CD152C965DA100D42F56 /* api_key.swift */,
			);
			path = Models;
			sourceTree = "<group>";
		};
/* End PBXGroup section */

/* Begin PBXNativeTarget section */
		EFD6CCF12C96378600D42F56 /* SwiftulCrypto */ = {
			isa = PBXNativeTarget;
			buildConfigurationList = EFD6CD002C96378700D42F56 /* Build configuration list for PBXNativeTarget "SwiftulCrypto" */;
			buildPhases = (
				EFD6CCEE2C96378600D42F56 /* Sources */,
				EFD6CCEF2C96378600D42F56 /* Frameworks */,
				EFD6CCF02C96378600D42F56 /* Resources */,
			);
			buildRules = (
			);
			dependencies = (
			);
			name = SwiftulCrypto;
			productName = SwiftulCrypto;
			productReference = EFD6CCF22C96378600D42F56 /* SwiftulCrypto.app */;
			productType = "com.apple.product-type.application";
		};
/* End PBXNativeTarget section */

/* Begin PBXProject section */
		EFD6CCEA2C96378600D42F56 /* Project object */ = {
			isa = PBXProject;
			attributes = {
				BuildIndependentTargetsInParallel = 1;
				LastSwiftUpdateCheck = 1540;
				LastUpgradeCheck = 1540;
				TargetAttributes = {
					EFD6CCF12C96378600D42F56 = {
						CreatedOnToolsVersion = 15.4;
					};
				};
			};
			buildConfigurationList = EFD6CCED2C96378600D42F56 /* Build configuration list for PBXProject "SwiftulCrypto" */;
			compatibilityVersion = "Xcode 14.0";
			developmentRegion = en;
			hasScannedForEncodings = 0;
			knownRegions = (
				en,
				Base,
			);
			mainGroup = EFD6CCE92C96378600D42F56;
			productRefGroup = EFD6CCF32C96378600D42F56 /* Products */;
			projectDirPath = "";
			projectRoot = "";
			targets = (
				EFD6CCF12C96378600D42F56 /* SwiftulCrypto */,
			);
		};
/* End PBXProject section */

/* Begin PBXResourcesBuildPhase section */
		EFD6CCF02C96378600D42F56 /* Resources */ = {
			isa = PBXResourcesBuildPhase;
			buildActionMask = 2147483647;
			files = (
				EFD6CCFD2C96378700D42F56 /* Preview Assets.xcassets in Resources */,
				EFD6CCFA2C96378700D42F56 /* Assets.xcassets in Resources */,
			);
			runOnlyForDeploymentPostprocessing = 0;
		};
/* End PBXResourcesBuildPhase section */

/* Begin PBXSourcesBuildPhase section */
		EFD6CCEE2C96378600D42F56 /* Sources */ = {
			isa = PBXSourcesBuildPhase;
			buildActionMask = 2147483647;
			files = (
				EFD6CCF82C96378600D42F56 /* ContentView.swift in Sources */,
				EFD6CD0B2C964B9100D42F56 /* HomeView.swift in Sources */,
				EFD6CD162C965DA100D42F56 /* api_key.swift in Sources */,
				EFD6CCF62C96378600D42F56 /* SwiftulCryptoApp.swift in Sources */,
				EFD6CD112C9652D100D42F56 /* CircleButtonAnimatedView.swift in Sources */,
				EFD6CD0F2C964D4F00D42F56 /* CircleButtonView.swift in Sources */,
				EFD6CD052C963DFC00D42F56 /* Color.swift in Sources */,
				EFD6CD142C965AFA00D42F56 /* CoinModel.swift in Sources */,
			);
			runOnlyForDeploymentPostprocessing = 0;
		};
/* End PBXSourcesBuildPhase section */

/* Begin XCBuildConfiguration section */
		EFD6CCFE2C96378700D42F56 /* Debug */ = {
			isa = XCBuildConfiguration;
			buildSettings = {
				ALWAYS_SEARCH_USER_PATHS = NO;
				ASSETCATALOG_COMPILER_GENERATE_SWIFT_ASSET_SYMBOL_EXTENSIONS = YES;
				CLANG_ANALYZER_NONNULL = YES;
				CLANG_ANALYZER_NUMBER_OBJECT_CONVERSION = YES_AGGRESSIVE;
				CLANG_CXX_LANGUAGE_STANDARD = "gnu++20";
				CLANG_ENABLE_MODULES = YES;
				CLANG_ENABLE_OBJC_ARC = YES;
				CLANG_ENABLE_OBJC_WEAK = YES;
				CLANG_WARN_BLOCK_CAPTURE_AUTORELEASING = YES;
				CLANG_WARN_BOOL_CONVERSION = YES;
				CLANG_WARN_COMMA = YES;
				CLANG_WARN_CONSTANT_CONVERSION = YES;
				CLANG_WARN_DEPRECATED_OBJC_IMPLEMENTATIONS = YES;
				CLANG_WARN_DIRECT_OBJC_ISA_USAGE = YES_ERROR;
				CLANG_WARN_DOCUMENTATION_COMMENTS = YES;
				CLANG_WARN_EMPTY_BODY = YES;
				CLANG_WARN_ENUM_CONVERSION = YES;
				CLANG_WARN_INFINITE_RECURSION = YES;
				CLANG_WARN_INT_CONVERSION = YES;
				CLANG_WARN_NON_LITERAL_NULL_CONVERSION = YES;
				CLANG_WARN_OBJC_IMPLICIT_RETAIN_SELF = YES;
				CLANG_WARN_OBJC_LITERAL_CONVERSION = YES;
				CLANG_WARN_OBJC_ROOT_CLASS = YES_ERROR;
				CLANG_WARN_QUOTED_INCLUDE_IN_FRAMEWORK_HEADER = YES;
				CLANG_WARN_RANGE_LOOP_ANALYSIS = YES;
				CLANG_WARN_STRICT_PROTOTYPES = YES;
				CLANG_WARN_SUSPICIOUS_MOVE = YES;
				CLANG_WARN_UNGUARDED_AVAILABILITY = YES_AGGRESSIVE;
				CLANG_WARN_UNREACHABLE_CODE = YES;
				CLANG_WARN__DUPLICATE_METHOD_MATCH = YES;
				COPY_PHASE_STRIP = NO;
				DEBUG_INFORMATION_FORMAT = dwarf;
				ENABLE_STRICT_OBJC_MSGSEND = YES;
				ENABLE_TESTABILITY = YES;
				ENABLE_USER_SCRIPT_SANDBOXING = YES;
				GCC_C_LANGUAGE_STANDARD = gnu17;
				GCC_DYNAMIC_NO_PIC = NO;
				GCC_NO_COMMON_BLOCKS = YES;
				GCC_OPTIMIZATION_LEVEL = 0;
				GCC_PREPROCESSOR_DEFINITIONS = (
					"DEBUG=1",
					"$(inherited)",
				);
				GCC_WARN_64_TO_32_BIT_CONVERSION = YES;
				GCC_WARN_ABOUT_RETURN_TYPE = YES_ERROR;
				GCC_WARN_UNDECLARED_SELECTOR = YES;
				GCC_WARN_UNINITIALIZED_AUTOS = YES_AGGRESSIVE;
				GCC_WARN_UNUSED_FUNCTION = YES;
				GCC_WARN_UNUSED_VARIABLE = YES;
				IPHONEOS_DEPLOYMENT_TARGET = 17.5;
				LOCALIZATION_PREFERS_STRING_CATALOGS = YES;
				MTL_ENABLE_DEBUG_INFO = INCLUDE_SOURCE;
				MTL_FAST_MATH = YES;
				ONLY_ACTIVE_ARCH = YES;
				SDKROOT = iphoneos;
				SWIFT_ACTIVE_COMPILATION_CONDITIONS = "DEBUG $(inherited)";
				SWIFT_OPTIMIZATION_LEVEL = "-Onone";
			};
			name = Debug;
		};
		EFD6CCFF2C96378700D42F56 /* Release */ = {
			isa = XCBuildConfiguration;
			buildSettings = {
				ALWAYS_SEARCH_USER_PATHS = NO;
				ASSETCATALOG_COMPILER_GENERATE_SWIFT_ASSET_SYMBOL_EXTENSIONS = YES;
				CLANG_ANALYZER_NONNULL = YES;
				CLANG_ANALYZER_NUMBER_OBJECT_CONVERSION = YES_AGGRESSIVE;
				CLANG_CXX_LANGUAGE_STANDARD = "gnu++20";
				CLANG_ENABLE_MODULES = YES;
				CLANG_ENABLE_OBJC_ARC = YES;
				CLANG_ENABLE_OBJC_WEAK = YES;
				CLANG_WARN_BLOCK_CAPTURE_AUTORELEASING = YES;
				CLANG_WARN_BOOL_CONVERSION = YES;
				CLANG_WARN_COMMA = YES;
				CLANG_WARN_CONSTANT_CONVERSION = YES;
				CLANG_WARN_DEPRECATED_OBJC_IMPLEMENTATIONS = YES;
				CLANG_WARN_DIRECT_OBJC_ISA_USAGE = YES_ERROR;
				CLANG_WARN_DOCUMENTATION_COMMENTS = YES;
				CLANG_WARN_EMPTY_BODY = YES;
				CLANG_WARN_ENUM_CONVERSION = YES;
				CLANG_WARN_INFINITE_RECURSION = YES;
				CLANG_WARN_INT_CONVERSION = YES;
				CLANG_WARN_NON_LITERAL_NULL_CONVERSION = YES;
				CLANG_WARN_OBJC_IMPLICIT_RETAIN_SELF = YES;
				CLANG_WARN_OBJC_LITERAL_CONVERSION = YES;
				CLANG_WARN_OBJC_ROOT_CLASS = YES_ERROR;
				CLANG_WARN_QUOTED_INCLUDE_IN_FRAMEWORK_HEADER = YES;
				CLANG_WARN_RANGE_LOOP_ANALYSIS = YES;
				CLANG_WARN_STRICT_PROTOTYPES = YES;
				CLANG_WARN_SUSPICIOUS_MOVE = YES;
				CLANG_WARN_UNGUARDED_AVAILABILITY = YES_AGGRESSIVE;
				CLANG_WARN_UNREACHABLE_CODE = YES;
				CLANG_WARN__DUPLICATE_METHOD_MATCH = YES;
				COPY_PHASE_STRIP = NO;
				DEBUG_INFORMATION_FORMAT = "dwarf-with-dsym";
				ENABLE_NS_ASSERTIONS = NO;
				ENABLE_STRICT_OBJC_MSGSEND = YES;
				ENABLE_USER_SCRIPT_SANDBOXING = YES;
				GCC_C_LANGUAGE_STANDARD = gnu17;
				GCC_NO_COMMON_BLOCKS = YES;
				GCC_WARN_64_TO_32_BIT_CONVERSION = YES;
				GCC_WARN_ABOUT_RETURN_TYPE = YES_ERROR;
				GCC_WARN_UNDECLARED_SELECTOR = YES;
				GCC_WARN_UNINITIALIZED_AUTOS = YES_AGGRESSIVE;
				GCC_WARN_UNUSED_FUNCTION = YES;
				GCC_WARN_UNUSED_VARIABLE = YES;
				IPHONEOS_DEPLOYMENT_TARGET = 17.5;
				LOCALIZATION_PREFERS_STRING_CATALOGS = YES;
				MTL_ENABLE_DEBUG_INFO = NO;
				MTL_FAST_MATH = YES;
				SDKROOT = iphoneos;
				SWIFT_COMPILATION_MODE = wholemodule;
				VALIDATE_PRODUCT = YES;
			};
			name = Release;
		};
		EFD6CD012C96378700D42F56 /* Debug */ = {
			isa = XCBuildConfiguration;
			buildSettings = {
				ASSETCATALOG_COMPILER_APPICON_NAME = AppIcon;
				ASSETCATALOG_COMPILER_GLOBAL_ACCENT_COLOR_NAME = AccentColor;
				CODE_SIGN_STYLE = Automatic;
				CURRENT_PROJECT_VERSION = 1;
				DEVELOPMENT_ASSET_PATHS = "\"SwiftulCrypto/Preview Content\"";
				DEVELOPMENT_TEAM = 2K5S6NG9ZD;
				ENABLE_PREVIEWS = YES;
				GENERATE_INFOPLIST_FILE = YES;
				INFOPLIST_KEY_CFBundleDisplayName = "Crypto Tracker";
				INFOPLIST_KEY_LSApplicationCategoryType = "public.app-category.finance";
				INFOPLIST_KEY_UIApplicationSceneManifest_Generation = YES;
				INFOPLIST_KEY_UIApplicationSupportsIndirectInputEvents = YES;
				INFOPLIST_KEY_UILaunchScreen_Generation = YES;
				INFOPLIST_KEY_UISupportedInterfaceOrientations = UIInterfaceOrientationPortrait;
				LD_RUNPATH_SEARCH_PATHS = (
					"$(inherited)",
					"@executable_path/Frameworks",
				);
				MARKETING_VERSION = 1.0;
				PRODUCT_BUNDLE_IDENTIFIER = com.SwiftulCrypto;
				PRODUCT_NAME = "$(TARGET_NAME)";
				SWIFT_EMIT_LOC_STRINGS = YES;
				SWIFT_VERSION = 5.0;
				TARGETED_DEVICE_FAMILY = "1,2";
			};
			name = Debug;
		};
		EFD6CD022C96378700D42F56 /* Release */ = {
			isa = XCBuildConfiguration;
			buildSettings = {
				ASSETCATALOG_COMPILER_APPICON_NAME = AppIcon;
				ASSETCATALOG_COMPILER_GLOBAL_ACCENT_COLOR_NAME = AccentColor;
				CODE_SIGN_STYLE = Automatic;
				CURRENT_PROJECT_VERSION = 1;
				DEVELOPMENT_ASSET_PATHS = "\"SwiftulCrypto/Preview Content\"";
				DEVELOPMENT_TEAM = 2K5S6NG9ZD;
				ENABLE_PREVIEWS = YES;
				GENERATE_INFOPLIST_FILE = YES;
				INFOPLIST_KEY_CFBundleDisplayName = "Crypto Tracker";
				INFOPLIST_KEY_LSApplicationCategoryType = "public.app-category.finance";
				INFOPLIST_KEY_UIApplicationSceneManifest_Generation = YES;
				INFOPLIST_KEY_UIApplicationSupportsIndirectInputEvents = YES;
				INFOPLIST_KEY_UILaunchScreen_Generation = YES;
				INFOPLIST_KEY_UISupportedInterfaceOrientations = UIInterfaceOrientationPortrait;
				LD_RUNPATH_SEARCH_PATHS = (
					"$(inherited)",
					"@executable_path/Frameworks",
				);
				MARKETING_VERSION = 1.0;
				PRODUCT_BUNDLE_IDENTIFIER = com.SwiftulCrypto;
				PRODUCT_NAME = "$(TARGET_NAME)";
				SWIFT_EMIT_LOC_STRINGS = YES;
				SWIFT_VERSION = 5.0;
				TARGETED_DEVICE_FAMILY = "1,2";
			};
			name = Release;
		};
/* End XCBuildConfiguration section */

/* Begin XCConfigurationList section */
		EFD6CCED2C96378600D42F56 /* Build configuration list for PBXProject "SwiftulCrypto" */ = {
			isa = XCConfigurationList;
			buildConfigurations = (
				EFD6CCFE2C96378700D42F56 /* Debug */,
				EFD6CCFF2C96378700D42F56 /* Release */,
			);
			defaultConfigurationIsVisible = 0;
			defaultConfigurationName = Release;
		};
		EFD6CD002C96378700D42F56 /* Build configuration list for PBXNativeTarget "SwiftulCrypto" */ = {
			isa = XCConfigurationList;
			buildConfigurations = (
				EFD6CD012C96378700D42F56 /* Debug */,
				EFD6CD022C96378700D42F56 /* Release */,
			);
			defaultConfigurationIsVisible = 0;
			defaultConfigurationName = Release;
		};
/* End XCConfigurationList section */
	};
	rootObject = EFD6CCEA2C96378600D42F56 /* Project object */;
}
